
Microsoft Visual Studio Solution File, Format Version 12.00
# Visual Studio Version 17
VisualStudioVersion = 17.14.36301.6
MinimumVisualStudioVersion = 10.0.40219.1
Project("{54A90642-561A-4BB1-A94E-469ADEE60C69}") = "TradeWars", "TradeWars.esproj", "{D1C73961-C73C-09CF-692F-A2A5D1E02CFF}"
EndProject
Global
	GlobalSection(SolutionConfigurationPlatforms) = preSolution
		Debug|Any CPU = Debug|Any CPU
		Release|Any CPU = Release|Any CPU
	EndGlobalSection
	GlobalSection(ProjectConfigurationPlatforms) = postSolution
		{D1C73961-C73C-09CF-692F-A2A5D1E02CFF}.Debug|Any CPU.ActiveCfg = Debug|Any CPU
		{D1C73961-C73C-09CF-692F-A2A5D1E02CFF}.Debug|Any CPU.Build.0 = Debug|Any CPU
		{D1C73961-C73C-09CF-692F-A2A5D1E02CFF}.Debug|Any CPU.Deploy.0 = Debug|Any CPU
		{D1C73961-C73C-09CF-692F-A2A5D1E02CFF}.Release|Any CPU.ActiveCfg = Release|Any CPU
		{D1C73961-C73C-09CF-692F-A2A5D1E02CFF}.Release|Any CPU.Build.0 = Release|Any CPU
		{D1C73961-C73C-09CF-692F-A2A5D1E02CFF}.Release|Any CPU.Deploy.0 = Release|Any CPU
	EndGlobalSection
	GlobalSection(SolutionProperties) = preSolution
		HideSolutionNode = FALSE
	EndGlobalSection
	GlobalSection(ExtensibilityGlobals) = postSolution
		SolutionGuid = {FE82EBC2-B927-4AEF-9B5F-803F7E128144}
	EndGlobalSection
EndGlobal
